// !$*UTF8*$!
{
	archiveVersion = 1;
	classes = {
	};
	objectVersion = 55;
	objects = {

/* Begin PBXBuildFile section */
		342B295F27D3DD88003F85C9 /* AppDelegate.swift in Sources */ = {isa = PBXBuildFile; fileRef = 342B295E27D3DD88003F85C9 /* AppDelegate.swift */; };
		342B296127D3DD88003F85C9 /* SceneDelegate.swift in Sources */ = {isa = PBXBuildFile; fileRef = 342B296027D3DD88003F85C9 /* SceneDelegate.swift */; };
		342B296327D3DD88003F85C9 /* ViewController.swift in Sources */ = {isa = PBXBuildFile; fileRef = 342B296227D3DD88003F85C9 /* ViewController.swift */; };
		342B296627D3DD88003F85C9 /* Main.storyboard in Resources */ = {isa = PBXBuildFile; fileRef = 342B296427D3DD88003F85C9 /* Main.storyboard */; };
		342B296827D3DD8B003F85C9 /* Assets.xcassets in Resources */ = {isa = PBXBuildFile; fileRef = 342B296727D3DD8B003F85C9 /* Assets.xcassets */; };
		342B296B27D3DD8B003F85C9 /* LaunchScreen.storyboard in Resources */ = {isa = PBXBuildFile; fileRef = 342B296927D3DD8B003F85C9 /* LaunchScreen.storyboard */; };
		342B297627D3DD8B003F85C9 /* DesafioBecaNttTests.swift in Sources */ = {isa = PBXBuildFile; fileRef = 342B297527D3DD8B003F85C9 /* DesafioBecaNttTests.swift */; };
		342B298027D3DD8B003F85C9 /* DesafioBecaNttUITests.swift in Sources */ = {isa = PBXBuildFile; fileRef = 342B297F27D3DD8B003F85C9 /* DesafioBecaNttUITests.swift */; };
		342B298227D3DD8B003F85C9 /* DesafioBecaNttUITestsLaunchTests.swift in Sources */ = {isa = PBXBuildFile; fileRef = 342B298127D3DD8B003F85C9 /* DesafioBecaNttUITestsLaunchTests.swift */; };
		342B299127D3F8EF003F85C9 /* Themes.xcassets in Resources */ = {isa = PBXBuildFile; fileRef = 342B299027D3F8EF003F85C9 /* Themes.xcassets */; };
		3469CC0627DA732300FC3CC2 /* Color+.swift in Sources */ = {isa = PBXBuildFile; fileRef = 3469CC0527DA732300FC3CC2 /* Color+.swift */; };
/* End PBXBuildFile section */

/* Begin PBXContainerItemProxy section */
		342B297227D3DD8B003F85C9 /* PBXContainerItemProxy */ = {
			isa = PBXContainerItemProxy;
			containerPortal = 342B295327D3DD88003F85C9 /* Project object */;
			proxyType = 1;
			remoteGlobalIDString = 342B295A27D3DD88003F85C9;
			remoteInfo = DesafioBecaNtt;
		};
		342B297C27D3DD8B003F85C9 /* PBXContainerItemProxy */ = {
			isa = PBXContainerItemProxy;
			containerPortal = 342B295327D3DD88003F85C9 /* Project object */;
			proxyType = 1;
			remoteGlobalIDString = 342B295A27D3DD88003F85C9;
			remoteInfo = DesafioBecaNtt;
		};
/* End PBXContainerItemProxy section */

/* Begin PBXFileReference section */
		342B295B27D3DD88003F85C9 /* DesafioBecaNtt.app */ = {isa = PBXFileReference; explicitFileType = wrapper.application; includeInIndex = 0; path = DesafioBecaNtt.app; sourceTree = BUILT_PRODUCTS_DIR; };
		342B295E27D3DD88003F85C9 /* AppDelegate.swift */ = {isa = PBXFileReference; lastKnownFileType = sourcecode.swift; path = AppDelegate.swift; sourceTree = "<group>"; };
		342B296027D3DD88003F85C9 /* SceneDelegate.swift */ = {isa = PBXFileReference; lastKnownFileType = sourcecode.swift; path = SceneDelegate.swift; sourceTree = "<group>"; };
		342B296227D3DD88003F85C9 /* ViewController.swift */ = {isa = PBXFileReference; lastKnownFileType = sourcecode.swift; path = ViewController.swift; sourceTree = "<group>"; };
		342B296527D3DD88003F85C9 /* Base */ = {isa = PBXFileReference; lastKnownFileType = file.storyboard; name = Base; path = Base.lproj/Main.storyboard; sourceTree = "<group>"; };
		342B296727D3DD8B003F85C9 /* Assets.xcassets */ = {isa = PBXFileReference; lastKnownFileType = folder.assetcatalog; path = Assets.xcassets; sourceTree = "<group>"; };
		342B296A27D3DD8B003F85C9 /* Base */ = {isa = PBXFileReference; lastKnownFileType = file.storyboard; name = Base; path = Base.lproj/LaunchScreen.storyboard; sourceTree = "<group>"; };
		342B296C27D3DD8B003F85C9 /* Info.plist */ = {isa = PBXFileReference; lastKnownFileType = text.plist.xml; path = Info.plist; sourceTree = "<group>"; };
		342B297127D3DD8B003F85C9 /* DesafioBecaNttTests.xctest */ = {isa = PBXFileReference; explicitFileType = wrapper.cfbundle; includeInIndex = 0; path = DesafioBecaNttTests.xctest; sourceTree = BUILT_PRODUCTS_DIR; };
		342B297527D3DD8B003F85C9 /* DesafioBecaNttTests.swift */ = {isa = PBXFileReference; lastKnownFileType = sourcecode.swift; path = DesafioBecaNttTests.swift; sourceTree = "<group>"; };
		342B297B27D3DD8B003F85C9 /* DesafioBecaNttUITests.xctest */ = {isa = PBXFileReference; explicitFileType = wrapper.cfbundle; includeInIndex = 0; path = DesafioBecaNttUITests.xctest; sourceTree = BUILT_PRODUCTS_DIR; };
		342B297F27D3DD8B003F85C9 /* DesafioBecaNttUITests.swift */ = {isa = PBXFileReference; lastKnownFileType = sourcecode.swift; path = DesafioBecaNttUITests.swift; sourceTree = "<group>"; };
		342B298127D3DD8B003F85C9 /* DesafioBecaNttUITestsLaunchTests.swift */ = {isa = PBXFileReference; lastKnownFileType = sourcecode.swift; path = DesafioBecaNttUITestsLaunchTests.swift; sourceTree = "<group>"; };
		342B299027D3F8EF003F85C9 /* Themes.xcassets */ = {isa = PBXFileReference; lastKnownFileType = folder.assetcatalog; path = Themes.xcassets; sourceTree = "<group>"; };
		3469CC0527DA732300FC3CC2 /* Color+.swift */ = {isa = PBXFileReference; lastKnownFileType = sourcecode.swift; path = "Color+.swift"; sourceTree = "<group>"; };
/* End PBXFileReference section */

/* Begin PBXFrameworksBuildPhase section */
		342B295827D3DD88003F85C9 /* Frameworks */ = {
			isa = PBXFrameworksBuildPhase;
			buildActionMask = 2147483647;
			files = (
			);
			runOnlyForDeploymentPostprocessing = 0;
		};
		342B296E27D3DD8B003F85C9 /* Frameworks */ = {
			isa = PBXFrameworksBuildPhase;
			buildActionMask = 2147483647;
			files = (
			);
			runOnlyForDeploymentPostprocessing = 0;
		};
		342B297827D3DD8B003F85C9 /* Frameworks */ = {
			isa = PBXFrameworksBuildPhase;
			buildActionMask = 2147483647;
			files = (
			);
			runOnlyForDeploymentPostprocessing = 0;
		};
/* End PBXFrameworksBuildPhase section */

/* Begin PBXGroup section */
		342B295227D3DD88003F85C9 = {
			isa = PBXGroup;
			children = (
				342B295D27D3DD88003F85C9 /* DesafioBecaNtt */,
				342B297427D3DD8B003F85C9 /* DesafioBecaNttTests */,
				342B297E27D3DD8B003F85C9 /* DesafioBecaNttUITests */,
				342B295C27D3DD88003F85C9 /* Products */,
			);
			sourceTree = "<group>";
		};
		342B295C27D3DD88003F85C9 /* Products */ = {
			isa = PBXGroup;
			children = (
				342B295B27D3DD88003F85C9 /* DesafioBecaNtt.app */,
				342B297127D3DD8B003F85C9 /* DesafioBecaNttTests.xctest */,
				342B297B27D3DD8B003F85C9 /* DesafioBecaNttUITests.xctest */,
			);
			name = Products;
			sourceTree = "<group>";
		};
		342B295D27D3DD88003F85C9 /* DesafioBecaNtt */ = {
			isa = PBXGroup;
			children = (
				342B296C27D3DD8B003F85C9 /* Info.plist */,
				342B298E27D3F87C003F85C9 /* Resource */,
			);
			path = DesafioBecaNtt;
			sourceTree = "<group>";
		};
		342B297427D3DD8B003F85C9 /* DesafioBecaNttTests */ = {
			isa = PBXGroup;
			children = (
				342B297527D3DD8B003F85C9 /* DesafioBecaNttTests.swift */,
			);
			path = DesafioBecaNttTests;
			sourceTree = "<group>";
		};
		342B297E27D3DD8B003F85C9 /* DesafioBecaNttUITests */ = {
			isa = PBXGroup;
			children = (
				342B297F27D3DD8B003F85C9 /* DesafioBecaNttUITests.swift */,
				342B298127D3DD8B003F85C9 /* DesafioBecaNttUITestsLaunchTests.swift */,
			);
			path = DesafioBecaNttUITests;
			sourceTree = "<group>";
		};
		342B298E27D3F87C003F85C9 /* Resource */ = {
			isa = PBXGroup;
			children = (
				3469CC0227DA72F800FC3CC2 /* Extensions */,
				342B295E27D3DD88003F85C9 /* AppDelegate.swift */,
				342B296027D3DD88003F85C9 /* SceneDelegate.swift */,
				342B296227D3DD88003F85C9 /* ViewController.swift */,
				342B296727D3DD8B003F85C9 /* Assets.xcassets */,
				342B299027D3F8EF003F85C9 /* Themes.xcassets */,
				342B298F27D3F89B003F85C9 /* Storyboard */,
			);
			path = Resource;
			sourceTree = "<group>";
		};
		342B298F27D3F89B003F85C9 /* Storyboard */ = {
			isa = PBXGroup;
			children = (
				342B296427D3DD88003F85C9 /* Main.storyboard */,
				342B296927D3DD8B003F85C9 /* LaunchScreen.storyboard */,
			);
			path = Storyboard;
			sourceTree = "<group>";
		};
		3469CC0227DA72F800FC3CC2 /* Extensions */ = {
			isa = PBXGroup;
			children = (
				3469CC0527DA732300FC3CC2 /* Color+.swift */,
			);
			path = Extensions;
			sourceTree = "<group>";
		};
/* End PBXGroup section */

/* Begin PBXNativeTarget section */
		342B295A27D3DD88003F85C9 /* DesafioBecaNtt */ = {
			isa = PBXNativeTarget;
			buildConfigurationList = 342B298527D3DD8B003F85C9 /* Build configuration list for PBXNativeTarget "DesafioBecaNtt" */;
			buildPhases = (
				342B295727D3DD88003F85C9 /* Sources */,
				342B295827D3DD88003F85C9 /* Frameworks */,
				342B295927D3DD88003F85C9 /* Resources */,
			);
			buildRules = (
			);
			dependencies = (
			);
			name = DesafioBecaNtt;
			productName = DesafioBecaNtt;
			productReference = 342B295B27D3DD88003F85C9 /* DesafioBecaNtt.app */;
			productType = "com.apple.product-type.application";
		};
		342B297027D3DD8B003F85C9 /* DesafioBecaNttTests */ = {
			isa = PBXNativeTarget;
			buildConfigurationList = 342B298827D3DD8B003F85C9 /* Build configuration list for PBXNativeTarget "DesafioBecaNttTests" */;
			buildPhases = (
				342B296D27D3DD8B003F85C9 /* Sources */,
				342B296E27D3DD8B003F85C9 /* Frameworks */,
				342B296F27D3DD8B003F85C9 /* Resources */,
			);
			buildRules = (
			);
			dependencies = (
				342B297327D3DD8B003F85C9 /* PBXTargetDependency */,
			);
			name = DesafioBecaNttTests;
			productName = DesafioBecaNttTests;
			productReference = 342B297127D3DD8B003F85C9 /* DesafioBecaNttTests.xctest */;
			productType = "com.apple.product-type.bundle.unit-test";
		};
		342B297A27D3DD8B003F85C9 /* DesafioBecaNttUITests */ = {
			isa = PBXNativeTarget;
			buildConfigurationList = 342B298B27D3DD8B003F85C9 /* Build configuration list for PBXNativeTarget "DesafioBecaNttUITests" */;
			buildPhases = (
				342B297727D3DD8B003F85C9 /* Sources */,
				342B297827D3DD8B003F85C9 /* Frameworks */,
				342B297927D3DD8B003F85C9 /* Resources */,
			);
			buildRules = (
			);
			dependencies = (
				342B297D27D3DD8B003F85C9 /* PBXTargetDependency */,
			);
			name = DesafioBecaNttUITests;
			productName = DesafioBecaNttUITests;
			productReference = 342B297B27D3DD8B003F85C9 /* DesafioBecaNttUITests.xctest */;
			productType = "com.apple.product-type.bundle.ui-testing";
		};
/* End PBXNativeTarget section */

/* Begin PBXProject section */
		342B295327D3DD88003F85C9 /* Project object */ = {
			isa = PBXProject;
			attributes = {
				BuildIndependentTargetsInParallel = 1;
				LastSwiftUpdateCheck = 1320;
				LastUpgradeCheck = 1320;
				TargetAttributes = {
					342B295A27D3DD88003F85C9 = {
						CreatedOnToolsVersion = 13.2.1;
					};
					342B297027D3DD8B003F85C9 = {
						CreatedOnToolsVersion = 13.2.1;
						TestTargetID = 342B295A27D3DD88003F85C9;
					};
					342B297A27D3DD8B003F85C9 = {
						CreatedOnToolsVersion = 13.2.1;
						TestTargetID = 342B295A27D3DD88003F85C9;
					};
				};
			};
			buildConfigurationList = 342B295627D3DD88003F85C9 /* Build configuration list for PBXProject "DesafioBecaNtt" */;
			compatibilityVersion = "Xcode 13.0";
			developmentRegion = en;
			hasScannedForEncodings = 0;
			knownRegions = (
				en,
				Base,
			);
			mainGroup = 342B295227D3DD88003F85C9;
			productRefGroup = 342B295C27D3DD88003F85C9 /* Products */;
			projectDirPath = "";
			projectRoot = "";
			targets = (
				342B295A27D3DD88003F85C9 /* DesafioBecaNtt */,
				342B297027D3DD8B003F85C9 /* DesafioBecaNttTests */,
				342B297A27D3DD8B003F85C9 /* DesafioBecaNttUITests */,
			);
		};
/* End PBXProject section */

/* Begin PBXResourcesBuildPhase section */
		342B295927D3DD88003F85C9 /* Resources */ = {
			isa = PBXResourcesBuildPhase;
			buildActionMask = 2147483647;
			files = (
				342B296B27D3DD8B003F85C9 /* LaunchScreen.storyboard in Resources */,
				342B299127D3F8EF003F85C9 /* Themes.xcassets in Resources */,
				342B296827D3DD8B003F85C9 /* Assets.xcassets in Resources */,
				342B296627D3DD88003F85C9 /* Main.storyboard in Resources */,
			);
			runOnlyForDeploymentPostprocessing = 0;
		};
		342B296F27D3DD8B003F85C9 /* Resources */ = {
			isa = PBXResourcesBuildPhase;
			buildActionMask = 2147483647;
			files = (
			);
			runOnlyForDeploymentPostprocessing = 0;
		};
		342B297927D3DD8B003F85C9 /* Resources */ = {
			isa = PBXResourcesBuildPhase;
			buildActionMask = 2147483647;
			files = (
			);
			runOnlyForDeploymentPostprocessing = 0;
		};
/* End PBXResourcesBuildPhase section */

/* Begin PBXSourcesBuildPhase section */
		342B295727D3DD88003F85C9 /* Sources */ = {
			isa = PBXSourcesBuildPhase;
			buildActionMask = 2147483647;
			files = (
				342B296327D3DD88003F85C9 /* ViewController.swift in Sources */,
				3469CC0627DA732300FC3CC2 /* Color+.swift in Sources */,
				342B295F27D3DD88003F85C9 /* AppDelegate.swift in Sources */,
				342B296127D3DD88003F85C9 /* SceneDelegate.swift in Sources */,
			);
			runOnlyForDeploymentPostprocessing = 0;
		};
		342B296D27D3DD8B003F85C9 /* Sources */ = {
			isa = PBXSourcesBuildPhase;
			buildActionMask = 2147483647;
			files = (
				342B297627D3DD8B003F85C9 /* DesafioBecaNttTests.swift in Sources */,
			);
			runOnlyForDeploymentPostprocessing = 0;
		};
		342B297727D3DD8B003F85C9 /* Sources */ = {
			isa = PBXSourcesBuildPhase;
			buildActionMask = 2147483647;
			files = (
				342B298227D3DD8B003F85C9 /* DesafioBecaNttUITestsLaunchTests.swift in Sources */,
				342B298027D3DD8B003F85C9 /* DesafioBecaNttUITests.swift in Sources */,
			);
			runOnlyForDeploymentPostprocessing = 0;
		};
/* End PBXSourcesBuildPhase section */

/* Begin PBXTargetDependency section */
		342B297327D3DD8B003F85C9 /* PBXTargetDependency */ = {
			isa = PBXTargetDependency;
			target = 342B295A27D3DD88003F85C9 /* DesafioBecaNtt */;
			targetProxy = 342B297227D3DD8B003F85C9 /* PBXContainerItemProxy */;
		};
		342B297D27D3DD8B003F85C9 /* PBXTargetDependency */ = {
			isa = PBXTargetDependency;
			target = 342B295A27D3DD88003F85C9 /* DesafioBecaNtt */;
			targetProxy = 342B297C27D3DD8B003F85C9 /* PBXContainerItemProxy */;
		};
/* End PBXTargetDependency section */

/* Begin PBXVariantGroup section */
		342B296427D3DD88003F85C9 /* Main.storyboard */ = {
			isa = PBXVariantGroup;
			children = (
				342B296527D3DD88003F85C9 /* Base */,
			);
			name = Main.storyboard;
			sourceTree = "<group>";
		};
		342B296927D3DD8B003F85C9 /* LaunchScreen.storyboard */ = {
			isa = PBXVariantGroup;
			children = (
				342B296A27D3DD8B003F85C9 /* Base */,
			);
			name = LaunchScreen.storyboard;
			sourceTree = "<group>";
		};
/* End PBXVariantGroup section */

/* Begin XCBuildConfiguration section */
		342B298327D3DD8B003F85C9 /* Debug */ = {
			isa = XCBuildConfiguration;
			buildSettings = {
				ALWAYS_SEARCH_USER_PATHS = NO;
				CLANG_ANALYZER_NONNULL = YES;
				CLANG_ANALYZER_NUMBER_OBJECT_CONVERSION = YES_AGGRESSIVE;
				CLANG_CXX_LANGUAGE_STANDARD = "gnu++17";
				CLANG_CXX_LIBRARY = "libc++";
				CLANG_ENABLE_MODULES = YES;
				CLANG_ENABLE_OBJC_ARC = YES;
				CLANG_ENABLE_OBJC_WEAK = YES;
				CLANG_WARN_BLOCK_CAPTURE_AUTORELEASING = YES;
				CLANG_WARN_BOOL_CONVERSION = YES;
				CLANG_WARN_COMMA = YES;
				CLANG_WARN_CONSTANT_CONVERSION = YES;
				CLANG_WARN_DEPRECATED_OBJC_IMPLEMENTATIONS = YES;
				CLANG_WARN_DIRECT_OBJC_ISA_USAGE = YES_ERROR;
				CLANG_WARN_DOCUMENTATION_COMMENTS = YES;
				CLANG_WARN_EMPTY_BODY = YES;
				CLANG_WARN_ENUM_CONVERSION = YES;
				CLANG_WARN_INFINITE_RECURSION = YES;
				CLANG_WARN_INT_CONVERSION = YES;
				CLANG_WARN_NON_LITERAL_NULL_CONVERSION = YES;
				CLANG_WARN_OBJC_IMPLICIT_RETAIN_SELF = YES;
				CLANG_WARN_OBJC_LITERAL_CONVERSION = YES;
				CLANG_WARN_OBJC_ROOT_CLASS = YES_ERROR;
				CLANG_WARN_QUOTED_INCLUDE_IN_FRAMEWORK_HEADER = YES;
				CLANG_WARN_RANGE_LOOP_ANALYSIS = YES;
				CLANG_WARN_STRICT_PROTOTYPES = YES;
				CLANG_WARN_SUSPICIOUS_MOVE = YES;
				CLANG_WARN_UNGUARDED_AVAILABILITY = YES_AGGRESSIVE;
				CLANG_WARN_UNREACHABLE_CODE = YES;
				CLANG_WARN__DUPLICATE_METHOD_MATCH = YES;
				COPY_PHASE_STRIP = NO;
				DEBUG_INFORMATION_FORMAT = dwarf;
				ENABLE_STRICT_OBJC_MSGSEND = YES;
				ENABLE_TESTABILITY = YES;
				GCC_C_LANGUAGE_STANDARD = gnu11;
				GCC_DYNAMIC_NO_PIC = NO;
				GCC_NO_COMMON_BLOCKS = YES;
				GCC_OPTIMIZATION_LEVEL = 0;
				GCC_PREPROCESSOR_DEFINITIONS = (
					"DEBUG=1",
					"$(inherited)",
				);
				GCC_WARN_64_TO_32_BIT_CONVERSION = YES;
				GCC_WARN_ABOUT_RETURN_TYPE = YES_ERROR;
				GCC_WARN_UNDECLARED_SELECTOR = YES;
				GCC_WARN_UNINITIALIZED_AUTOS = YES_AGGRESSIVE;
				GCC_WARN_UNUSED_FUNCTION = YES;
				GCC_WARN_UNUSED_VARIABLE = YES;
				IPHONEOS_DEPLOYMENT_TARGET = 15.2;
				MTL_ENABLE_DEBUG_INFO = INCLUDE_SOURCE;
				MTL_FAST_MATH = YES;
				ONLY_ACTIVE_ARCH = YES;
				SDKROOT = iphoneos;
				SWIFT_ACTIVE_COMPILATION_CONDITIONS = DEBUG;
				SWIFT_OPTIMIZATION_LEVEL = "-Onone";
			};
			name = Debug;
		};
		342B298427D3DD8B003F85C9 /* Release */ = {
			isa = XCBuildConfiguration;
			buildSettings = {
				ALWAYS_SEARCH_USER_PATHS = NO;
				CLANG_ANALYZER_NONNULL = YES;
				CLANG_ANALYZER_NUMBER_OBJECT_CONVERSION = YES_AGGRESSIVE;
				CLANG_CXX_LANGUAGE_STANDARD = "gnu++17";
				CLANG_CXX_LIBRARY = "libc++";
				CLANG_ENABLE_MODULES = YES;
				CLANG_ENABLE_OBJC_ARC = YES;
				CLANG_ENABLE_OBJC_WEAK = YES;
				CLANG_WARN_BLOCK_CAPTURE_AUTORELEASING = YES;
				CLANG_WARN_BOOL_CONVERSION = YES;
				CLANG_WARN_COMMA = YES;
				CLANG_WARN_CONSTANT_CONVERSION = YES;
				CLANG_WARN_DEPRECATED_OBJC_IMPLEMENTATIONS = YES;
				CLANG_WARN_DIRECT_OBJC_ISA_USAGE = YES_ERROR;
				CLANG_WARN_DOCUMENTATION_COMMENTS = YES;
				CLANG_WARN_EMPTY_BODY = YES;
				CLANG_WARN_ENUM_CONVERSION = YES;
				CLANG_WARN_INFINITE_RECURSION = YES;
				CLANG_WARN_INT_CONVERSION = YES;
				CLANG_WARN_NON_LITERAL_NULL_CONVERSION = YES;
				CLANG_WARN_OBJC_IMPLICIT_RETAIN_SELF = YES;
				CLANG_WARN_OBJC_LITERAL_CONVERSION = YES;
				CLANG_WARN_OBJC_ROOT_CLASS = YES_ERROR;
				CLANG_WARN_QUOTED_INCLUDE_IN_FRAMEWORK_HEADER = YES;
				CLANG_WARN_RANGE_LOOP_ANALYSIS = YES;
				CLANG_WARN_STRICT_PROTOTYPES = YES;
				CLANG_WARN_SUSPICIOUS_MOVE = YES;
				CLANG_WARN_UNGUARDED_AVAILABILITY = YES_AGGRESSIVE;
				CLANG_WARN_UNREACHABLE_CODE = YES;
				CLANG_WARN__DUPLICATE_METHOD_MATCH = YES;
				COPY_PHASE_STRIP = NO;
				DEBUG_INFORMATION_FORMAT = "dwarf-with-dsym";
				ENABLE_NS_ASSERTIONS = NO;
				ENABLE_STRICT_OBJC_MSGSEND = YES;
				GCC_C_LANGUAGE_STANDARD = gnu11;
				GCC_NO_COMMON_BLOCKS = YES;
				GCC_WARN_64_TO_32_BIT_CONVERSION = YES;
				GCC_WARN_ABOUT_RETURN_TYPE = YES_ERROR;
				GCC_WARN_UNDECLARED_SELECTOR = YES;
				GCC_WARN_UNINITIALIZED_AUTOS = YES_AGGRESSIVE;
				GCC_WARN_UNUSED_FUNCTION = YES;
				GCC_WARN_UNUSED_VARIABLE = YES;
				IPHONEOS_DEPLOYMENT_TARGET = 15.2;
				MTL_ENABLE_DEBUG_INFO = NO;
				MTL_FAST_MATH = YES;
				SDKROOT = iphoneos;
				SWIFT_COMPILATION_MODE = wholemodule;
				SWIFT_OPTIMIZATION_LEVEL = "-O";
				VALIDATE_PRODUCT = YES;
			};
			name = Release;
		};
		342B298627D3DD8B003F85C9 /* Debug */ = {
			isa = XCBuildConfiguration;
			buildSettings = {
				ASSETCATALOG_COMPILER_APPICON_NAME = AppIcon;
				ASSETCATALOG_COMPILER_GLOBAL_ACCENT_COLOR_NAME = AccentColor;
				CODE_SIGN_STYLE = Automatic;
				CURRENT_PROJECT_VERSION = 1;
				DEVELOPMENT_TEAM = 2W23YQ4297;
				GENERATE_INFOPLIST_FILE = YES;
				INFOPLIST_FILE = DesafioBecaNtt/Info.plist;
				INFOPLIST_KEY_UIApplicationSupportsIndirectInputEvents = YES;
				INFOPLIST_KEY_UILaunchStoryboardName = LaunchScreen;
				INFOPLIST_KEY_UIMainStoryboardFile = Main;
				INFOPLIST_KEY_UISupportedInterfaceOrientations_iPad = "UIInterfaceOrientationPortrait UIInterfaceOrientationPortraitUpsideDown UIInterfaceOrientationLandscapeLeft UIInterfaceOrientationLandscapeRight";
				INFOPLIST_KEY_UISupportedInterfaceOrientations_iPhone = "UIInterfaceOrientationPortrait UIInterfaceOrientationLandscapeLeft UIInterfaceOrientationLandscapeRight";
				LD_RUNPATH_SEARCH_PATHS = (
					"$(inherited)",
					"@executable_path/Frameworks",
				);
				MARKETING_VERSION = 1.0;
				PRODUCT_BUNDLE_IDENTIFIER = nttdata.DesafioBecaNtt;
				PRODUCT_NAME = "$(TARGET_NAME)";
				SWIFT_EMIT_LOC_STRINGS = YES;
				SWIFT_VERSION = 5.0;
				TARGETED_DEVICE_FAMILY = "1,2";
			};
			name = Debug;
		};
		342B298727D3DD8B003F85C9 /* Release */ = {
			isa = XCBuildConfiguration;
			buildSettings = {
				ASSETCATALOG_COMPILER_APPICON_NAME = AppIcon;
				ASSETCATALOG_COMPILER_GLOBAL_ACCENT_COLOR_NAME = AccentColor;
				CODE_SIGN_STYLE = Automatic;
				CURRENT_PROJECT_VERSION = 1;
				DEVELOPMENT_TEAM = 2W23YQ4297;
				GENERATE_INFOPLIST_FILE = YES;
				INFOPLIST_FILE = DesafioBecaNtt/Info.plist;
				INFOPLIST_KEY_UIApplicationSupportsIndirectInputEvents = YES;
				INFOPLIST_KEY_UILaunchStoryboardName = LaunchScreen;
				INFOPLIST_KEY_UIMainStoryboardFile = Main;
				INFOPLIST_KEY_UISupportedInterfaceOrientations_iPad = "UIInterfaceOrientationPortrait UIInterfaceOrientationPortraitUpsideDown UIInterfaceOrientationLandscapeLeft UIInterfaceOrientationLandscapeRight";
				INFOPLIST_KEY_UISupportedInterfaceOrientations_iPhone = "UIInterfaceOrientationPortrait UIInterfaceOrientationLandscapeLeft UIInterfaceOrientationLandscapeRight";
				LD_RUNPATH_SEARCH_PATHS = (
					"$(inherited)",
					"@executable_path/Frameworks",
				);
				MARKETING_VERSION = 1.0;
				PRODUCT_BUNDLE_IDENTIFIER = nttdata.DesafioBecaNtt;
				PRODUCT_NAME = "$(TARGET_NAME)";
				SWIFT_EMIT_LOC_STRINGS = YES;
				SWIFT_VERSION = 5.0;
				TARGETED_DEVICE_FAMILY = "1,2";
			};
			name = Release;
		};
		342B298927D3DD8B003F85C9 /* Debug */ = {
			isa = XCBuildConfiguration;
			buildSettings = {
				ALWAYS_EMBED_SWIFT_STANDARD_LIBRARIES = YES;
				BUNDLE_LOADER = "$(TEST_HOST)";
				CODE_SIGN_STYLE = Automatic;
				CURRENT_PROJECT_VERSION = 1;
				DEVELOPMENT_TEAM = 2W23YQ4297;
				GENERATE_INFOPLIST_FILE = YES;
				IPHONEOS_DEPLOYMENT_TARGET = 15.2;
				MARKETING_VERSION = 1.0;
				PRODUCT_BUNDLE_IDENTIFIER = nttdata.DesafioBecaNttTests;
				PRODUCT_NAME = "$(TARGET_NAME)";
				SWIFT_EMIT_LOC_STRINGS = NO;
				SWIFT_VERSION = 5.0;
				TARGETED_DEVICE_FAMILY = "1,2";
				TEST_HOST = "$(BUILT_PRODUCTS_DIR)/DesafioBecaNtt.app/DesafioBecaNtt";
			};
			name = Debug;
		};
		342B298A27D3DD8B003F85C9 /* Release */ = {
			isa = XCBuildConfiguration;
			buildSettings = {
				ALWAYS_EMBED_SWIFT_STANDARD_LIBRARIES = YES;
				BUNDLE_LOADER = "$(TEST_HOST)";
				CODE_SIGN_STYLE = Automatic;
				CURRENT_PROJECT_VERSION = 1;
				DEVELOPMENT_TEAM = 2W23YQ4297;
				GENERATE_INFOPLIST_FILE = YES;
				IPHONEOS_DEPLOYMENT_TARGET = 15.2;
				MARKETING_VERSION = 1.0;
				PRODUCT_BUNDLE_IDENTIFIER = nttdata.DesafioBecaNttTests;
				PRODUCT_NAME = "$(TARGET_NAME)";
				SWIFT_EMIT_LOC_STRINGS = NO;
				SWIFT_VERSION = 5.0;
				TARGETED_DEVICE_FAMILY = "1,2";
				TEST_HOST = "$(BUILT_PRODUCTS_DIR)/DesafioBecaNtt.app/DesafioBecaNtt";
			};
			name = Release;
		};
		342B298C27D3DD8B003F85C9 /* Debug */ = {
			isa = XCBuildConfiguration;
			buildSettings = {
				ALWAYS_EMBED_SWIFT_STANDARD_LIBRARIES = YES;
				CODE_SIGN_STYLE = Automatic;
				CURRENT_PROJECT_VERSION = 1;
				DEVELOPMENT_TEAM = 2W23YQ4297;
				GENERATE_INFOPLIST_FILE = YES;
				MARKETING_VERSION = 1.0;
				PRODUCT_BUNDLE_IDENTIFIER = nttdata.DesafioBecaNttUITests;
				PRODUCT_NAME = "$(TARGET_NAME)";
				SWIFT_EMIT_LOC_STRINGS = NO;
				SWIFT_VERSION = 5.0;
				TARGETED_DEVICE_FAMILY = "1,2";
				TEST_TARGET_NAME = DesafioBecaNtt;
			};
			name = Debug;
		};
		342B298D27D3DD8B003F85C9 /* Release */ = {
			isa = XCBuildConfiguration;
			buildSettings = {
				ALWAYS_EMBED_SWIFT_STANDARD_LIBRARIES = YES;
				CODE_SIGN_STYLE = Automatic;
				CURRENT_PROJECT_VERSION = 1;
				DEVELOPMENT_TEAM = 2W23YQ4297;
				GENERATE_INFOPLIST_FILE = YES;
				MARKETING_VERSION = 1.0;
				PRODUCT_BUNDLE_IDENTIFIER = nttdata.DesafioBecaNttUITests;
				PRODUCT_NAME = "$(TARGET_NAME)";
				SWIFT_EMIT_LOC_STRINGS = NO;
				SWIFT_VERSION = 5.0;
				TARGETED_DEVICE_FAMILY = "1,2";
				TEST_TARGET_NAME = DesafioBecaNtt;
			};
			name = Release;
		};
/* End XCBuildConfiguration section */

/* Begin XCConfigurationList section */
		342B295627D3DD88003F85C9 /* Build configuration list for PBXProject "DesafioBecaNtt" */ = {
			isa = XCConfigurationList;
			buildConfigurations = (
				342B298327D3DD8B003F85C9 /* Debug */,
				342B298427D3DD8B003F85C9 /* Release */,
			);
			defaultConfigurationIsVisible = 0;
			defaultConfigurationName = Release;
		};
		342B298527D3DD8B003F85C9 /* Build configuration list for PBXNativeTarget "DesafioBecaNtt" */ = {
			isa = XCConfigurationList;
			buildConfigurations = (
				342B298627D3DD8B003F85C9 /* Debug */,
				342B298727D3DD8B003F85C9 /* Release */,
			);
			defaultConfigurationIsVisible = 0;
			defaultConfigurationName = Release;
		};
		342B298827D3DD8B003F85C9 /* Build configuration list for PBXNativeTarget "DesafioBecaNttTests" */ = {
			isa = XCConfigurationList;
			buildConfigurations = (
				342B298927D3DD8B003F85C9 /* Debug */,
				342B298A27D3DD8B003F85C9 /* Release */,
			);
			defaultConfigurationIsVisible = 0;
			defaultConfigurationName = Release;
		};
		342B298B27D3DD8B003F85C9 /* Build configuration list for PBXNativeTarget "DesafioBecaNttUITests" */ = {
			isa = XCConfigurationList;
			buildConfigurations = (
				342B298C27D3DD8B003F85C9 /* Debug */,
				342B298D27D3DD8B003F85C9 /* Release */,
			);
			defaultConfigurationIsVisible = 0;
			defaultConfigurationName = Release;
		};
/* End XCConfigurationList section */
	};
	rootObject = 342B295327D3DD88003F85C9 /* Project object */;
}
